// !$*UTF8*$!
{
	archiveVersion = 1;
	classes = {
	};
	objectVersion = 56;
	objects = {

/* Begin PBXBuildFile section */
		AF13D4302A604B8000D89825 /* NetworkService.swift in Sources */ = {isa = PBXBuildFile; fileRef = AF13D42F2A604B8000D89825 /* NetworkService.swift */; };
		AF13D4322A6066C400D89825 /* Response.swift in Sources */ = {isa = PBXBuildFile; fileRef = AF13D4312A6066C400D89825 /* Response.swift */; };
		AF13D4372A6072B000D89825 /* APIConfiguration.swift in Sources */ = {isa = PBXBuildFile; fileRef = AF13D4362A6072B000D89825 /* APIConfiguration.swift */; };
		AF13D4392A6072DC00D89825 /* APIEndpoint.swift in Sources */ = {isa = PBXBuildFile; fileRef = AF13D4382A6072DC00D89825 /* APIEndpoint.swift */; };
		AF13D43B2A60731D00D89825 /* LaunchesEndpoint.swift in Sources */ = {isa = PBXBuildFile; fileRef = AF13D43A2A60731D00D89825 /* LaunchesEndpoint.swift */; };
		AF13D43D2A60733B00D89825 /* HTTPMethod.swift in Sources */ = {isa = PBXBuildFile; fileRef = AF13D43C2A60733B00D89825 /* HTTPMethod.swift */; };
		AF13D43F2A6073AA00D89825 /* APIError.swift in Sources */ = {isa = PBXBuildFile; fileRef = AF13D43E2A6073AA00D89825 /* APIError.swift */; };
		AF13D4422A60930E00D89825 /* Realm in Frameworks */ = {isa = PBXBuildFile; productRef = AF13D4412A60930E00D89825 /* Realm */; };
		AF13D4442A60930E00D89825 /* RealmSwift in Frameworks */ = {isa = PBXBuildFile; productRef = AF13D4432A60930E00D89825 /* RealmSwift */; };
		AF13D4472A60946000D89825 /* DataBaseManager.swift in Sources */ = {isa = PBXBuildFile; fileRef = AF13D4462A60946000D89825 /* DataBaseManager.swift */; };
		AF13D4492A60961600D89825 /* DataBaseProvider.swift in Sources */ = {isa = PBXBuildFile; fileRef = AF13D4482A60961600D89825 /* DataBaseProvider.swift */; };
		AF13D44B2A60963B00D89825 /* Mission.swift in Sources */ = {isa = PBXBuildFile; fileRef = AF13D44A2A60963B00D89825 /* Mission.swift */; };
		AF13D4502A61256100D89825 /* Mappers.swift in Sources */ = {isa = PBXBuildFile; fileRef = AF13D44F2A61256100D89825 /* Mappers.swift */; };
		AF13D4562A614D5400D89825 /* LaunchTableViewCell.swift in Sources */ = {isa = PBXBuildFile; fileRef = AF13D4552A614D5400D89825 /* LaunchTableViewCell.swift */; };
		AF13D4582A616DB800D89825 /* MissionCellViewModel.swift in Sources */ = {isa = PBXBuildFile; fileRef = AF13D4572A616DB800D89825 /* MissionCellViewModel.swift */; };
		AF13D45A2A616E5300D89825 /* LaunchListViewModel.swift in Sources */ = {isa = PBXBuildFile; fileRef = AF13D4592A616E5300D89825 /* LaunchListViewModel.swift */; };
		AF13D4602A6195C800D89825 /* Swinject in Frameworks */ = {isa = PBXBuildFile; productRef = AF13D45F2A6195C800D89825 /* Swinject */; };
		AF13D4632A61963700D89825 /* DependencyInjection.swift in Sources */ = {isa = PBXBuildFile; fileRef = AF13D4622A61963700D89825 /* DependencyInjection.swift */; };
		AFA741D32A667983002806D6 /* Cashe.swift in Sources */ = {isa = PBXBuildFile; fileRef = AFA741D22A667983002806D6 /* Cashe.swift */; };
		AFA741D52A669E44002806D6 /* DetailsModel.swift in Sources */ = {isa = PBXBuildFile; fileRef = AFA741D42A669E44002806D6 /* DetailsModel.swift */; };
		AFC59F452A6308B80091BCE8 /* LaunchDetailsViewController.swift in Sources */ = {isa = PBXBuildFile; fileRef = AFC59F442A6308B80091BCE8 /* LaunchDetailsViewController.swift */; };
		AFC59F472A63098F0091BCE8 /* LaunchDetailsViewModel.swift in Sources */ = {isa = PBXBuildFile; fileRef = AFC59F462A63098F0091BCE8 /* LaunchDetailsViewModel.swift */; };
		AFDAA9EB2A602E70001CAC84 /* AppDelegate.swift in Sources */ = {isa = PBXBuildFile; fileRef = AFDAA9EA2A602E70001CAC84 /* AppDelegate.swift */; };
		AFDAA9ED2A602E70001CAC84 /* SceneDelegate.swift in Sources */ = {isa = PBXBuildFile; fileRef = AFDAA9EC2A602E70001CAC84 /* SceneDelegate.swift */; };
		AFDAA9EF2A602E70001CAC84 /* LaunchsListViewController.swift in Sources */ = {isa = PBXBuildFile; fileRef = AFDAA9EE2A602E70001CAC84 /* LaunchsListViewController.swift */; };
		AFDAA9F42A602E72001CAC84 /* Assets.xcassets in Resources */ = {isa = PBXBuildFile; fileRef = AFDAA9F32A602E72001CAC84 /* Assets.xcassets */; };
		AFDAA9F72A602E72001CAC84 /* LaunchScreen.storyboard in Resources */ = {isa = PBXBuildFile; fileRef = AFDAA9F52A602E72001CAC84 /* LaunchScreen.storyboard */; };
/* End PBXBuildFile section */

/* Begin PBXFileReference section */
		AF13D42F2A604B8000D89825 /* NetworkService.swift */ = {isa = PBXFileReference; lastKnownFileType = sourcecode.swift; path = NetworkService.swift; sourceTree = "<group>"; };
		AF13D4312A6066C400D89825 /* Response.swift */ = {isa = PBXFileReference; lastKnownFileType = sourcecode.swift; path = Response.swift; sourceTree = "<group>"; };
		AF13D4362A6072B000D89825 /* APIConfiguration.swift */ = {isa = PBXFileReference; lastKnownFileType = sourcecode.swift; path = APIConfiguration.swift; sourceTree = "<group>"; };
		AF13D4382A6072DC00D89825 /* APIEndpoint.swift */ = {isa = PBXFileReference; lastKnownFileType = sourcecode.swift; path = APIEndpoint.swift; sourceTree = "<group>"; };
		AF13D43A2A60731D00D89825 /* LaunchesEndpoint.swift */ = {isa = PBXFileReference; lastKnownFileType = sourcecode.swift; path = LaunchesEndpoint.swift; sourceTree = "<group>"; };
		AF13D43C2A60733B00D89825 /* HTTPMethod.swift */ = {isa = PBXFileReference; lastKnownFileType = sourcecode.swift; path = HTTPMethod.swift; sourceTree = "<group>"; };
		AF13D43E2A6073AA00D89825 /* APIError.swift */ = {isa = PBXFileReference; lastKnownFileType = sourcecode.swift; path = APIError.swift; sourceTree = "<group>"; };
		AF13D4462A60946000D89825 /* DataBaseManager.swift */ = {isa = PBXFileReference; lastKnownFileType = sourcecode.swift; path = DataBaseManager.swift; sourceTree = "<group>"; };
		AF13D4482A60961600D89825 /* DataBaseProvider.swift */ = {isa = PBXFileReference; lastKnownFileType = sourcecode.swift; path = DataBaseProvider.swift; sourceTree = "<group>"; };
		AF13D44A2A60963B00D89825 /* Mission.swift */ = {isa = PBXFileReference; lastKnownFileType = sourcecode.swift; path = Mission.swift; sourceTree = "<group>"; };
		AF13D44F2A61256100D89825 /* Mappers.swift */ = {isa = PBXFileReference; lastKnownFileType = sourcecode.swift; path = Mappers.swift; sourceTree = "<group>"; };
		AF13D4552A614D5400D89825 /* LaunchTableViewCell.swift */ = {isa = PBXFileReference; lastKnownFileType = sourcecode.swift; path = LaunchTableViewCell.swift; sourceTree = "<group>"; };
		AF13D4572A616DB800D89825 /* MissionCellViewModel.swift */ = {isa = PBXFileReference; lastKnownFileType = sourcecode.swift; path = MissionCellViewModel.swift; sourceTree = "<group>"; };
		AF13D4592A616E5300D89825 /* LaunchListViewModel.swift */ = {isa = PBXFileReference; lastKnownFileType = sourcecode.swift; path = LaunchListViewModel.swift; sourceTree = "<group>"; };
		AF13D4622A61963700D89825 /* DependencyInjection.swift */ = {isa = PBXFileReference; lastKnownFileType = sourcecode.swift; path = DependencyInjection.swift; sourceTree = "<group>"; };
		AFA741D22A667983002806D6 /* Cashe.swift */ = {isa = PBXFileReference; lastKnownFileType = sourcecode.swift; path = Cashe.swift; sourceTree = "<group>"; };
		AFA741D42A669E44002806D6 /* DetailsModel.swift */ = {isa = PBXFileReference; lastKnownFileType = sourcecode.swift; path = DetailsModel.swift; sourceTree = "<group>"; };
		AFC59F442A6308B80091BCE8 /* LaunchDetailsViewController.swift */ = {isa = PBXFileReference; lastKnownFileType = sourcecode.swift; path = LaunchDetailsViewController.swift; sourceTree = "<group>"; };
		AFC59F462A63098F0091BCE8 /* LaunchDetailsViewModel.swift */ = {isa = PBXFileReference; lastKnownFileType = sourcecode.swift; path = LaunchDetailsViewModel.swift; sourceTree = "<group>"; };
		AFDAA9E72A602E70001CAC84 /* SpaceX.app */ = {isa = PBXFileReference; explicitFileType = wrapper.application; includeInIndex = 0; path = SpaceX.app; sourceTree = BUILT_PRODUCTS_DIR; };
		AFDAA9EA2A602E70001CAC84 /* AppDelegate.swift */ = {isa = PBXFileReference; lastKnownFileType = sourcecode.swift; path = AppDelegate.swift; sourceTree = "<group>"; };
		AFDAA9EC2A602E70001CAC84 /* SceneDelegate.swift */ = {isa = PBXFileReference; lastKnownFileType = sourcecode.swift; path = SceneDelegate.swift; sourceTree = "<group>"; };
		AFDAA9EE2A602E70001CAC84 /* LaunchsListViewController.swift */ = {isa = PBXFileReference; lastKnownFileType = sourcecode.swift; path = LaunchsListViewController.swift; sourceTree = "<group>"; };
		AFDAA9F32A602E72001CAC84 /* Assets.xcassets */ = {isa = PBXFileReference; lastKnownFileType = folder.assetcatalog; path = Assets.xcassets; sourceTree = "<group>"; };
		AFDAA9F62A602E72001CAC84 /* Base */ = {isa = PBXFileReference; lastKnownFileType = file.storyboard; name = Base; path = Base.lproj/LaunchScreen.storyboard; sourceTree = "<group>"; };
		AFDAA9F82A602E72001CAC84 /* Info.plist */ = {isa = PBXFileReference; lastKnownFileType = text.plist.xml; path = Info.plist; sourceTree = "<group>"; };
/* End PBXFileReference section */

/* Begin PBXFrameworksBuildPhase section */
		AFDAA9E42A602E70001CAC84 /* Frameworks */ = {
			isa = PBXFrameworksBuildPhase;
			buildActionMask = 2147483647;
			files = (
				AF13D4442A60930E00D89825 /* RealmSwift in Frameworks */,
				AF13D4422A60930E00D89825 /* Realm in Frameworks */,
				AF13D4602A6195C800D89825 /* Swinject in Frameworks */,
			);
			runOnlyForDeploymentPostprocessing = 0;
		};
/* End PBXFrameworksBuildPhase section */

/* Begin PBXGroup section */
		AF13D42B2A6049BC00D89825 /* Networking */ = {
			isa = PBXGroup;
			children = (
				AF13D42F2A604B8000D89825 /* NetworkService.swift */,
				AF13D42C2A6049CF00D89825 /* Models */,
			);
			path = Networking;
			sourceTree = "<group>";
		};
		AF13D42C2A6049CF00D89825 /* Models */ = {
			isa = PBXGroup;
			children = (
				AF13D4312A6066C400D89825 /* Response.swift */,
				AF13D43E2A6073AA00D89825 /* APIError.swift */,
				AF13D43C2A60733B00D89825 /* HTTPMethod.swift */,
				AF13D43A2A60731D00D89825 /* LaunchesEndpoint.swift */,
				AF13D4382A6072DC00D89825 /* APIEndpoint.swift */,
				AF13D4362A6072B000D89825 /* APIConfiguration.swift */,
			);
			path = Models;
			sourceTree = "<group>";
		};
		AF13D4452A60942300D89825 /* DataBase */ = {
			isa = PBXGroup;
			children = (
				AF13D4462A60946000D89825 /* DataBaseManager.swift */,
				AF13D4482A60961600D89825 /* DataBaseProvider.swift */,
				AF13D44F2A61256100D89825 /* Mappers.swift */,
				AF13D44C2A6096E200D89825 /* Model */,
			);
			path = DataBase;
			sourceTree = "<group>";
		};
		AF13D44C2A6096E200D89825 /* Model */ = {
			isa = PBXGroup;
			children = (
				AF13D44A2A60963B00D89825 /* Mission.swift */,
			);
			path = Model;
			sourceTree = "<group>";
		};
		AF13D4522A614B9400D89825 /* LaunchsList */ = {
			isa = PBXGroup;
			children = (
				AF13D4542A614BD000D89825 /* ViewModel */,
				AF13D4532A614BCA00D89825 /* View */,
			);
			path = LaunchsList;
			sourceTree = "<group>";
		};
		AF13D4532A614BCA00D89825 /* View */ = {
			isa = PBXGroup;
			children = (
				AFDAA9EE2A602E70001CAC84 /* LaunchsListViewController.swift */,
				AF13D4552A614D5400D89825 /* LaunchTableViewCell.swift */,
			);
			path = View;
			sourceTree = "<group>";
		};
		AF13D4542A614BD000D89825 /* ViewModel */ = {
			isa = PBXGroup;
			children = (
				AF13D4572A616DB800D89825 /* MissionCellViewModel.swift */,
				AF13D4592A616E5300D89825 /* LaunchListViewModel.swift */,
			);
			path = ViewModel;
			sourceTree = "<group>";
		};
		AF13D4612A61961600D89825 /* DependencyInjection */ = {
			isa = PBXGroup;
			children = (
				AF13D4622A61963700D89825 /* DependencyInjection.swift */,
			);
			path = DependencyInjection;
			sourceTree = "<group>";
		};
		AFC59F412A63084F0091BCE8 /* LaunchDetails */ = {
			isa = PBXGroup;
			children = (
				AFC59F432A6308860091BCE8 /* View */,
				AFC59F422A63087A0091BCE8 /* ViewModel */,
			);
			path = LaunchDetails;
			sourceTree = "<group>";
		};
		AFC59F422A63087A0091BCE8 /* ViewModel */ = {
			isa = PBXGroup;
			children = (
				AFC59F462A63098F0091BCE8 /* LaunchDetailsViewModel.swift */,
				AFA741D42A669E44002806D6 /* DetailsModel.swift */,
			);
			path = ViewModel;
			sourceTree = "<group>";
		};
		AFC59F432A6308860091BCE8 /* View */ = {
			isa = PBXGroup;
			children = (
				AFC59F442A6308B80091BCE8 /* LaunchDetailsViewController.swift */,
			);
			path = View;
			sourceTree = "<group>";
		};
		AFDAA9DE2A602E70001CAC84 = {
			isa = PBXGroup;
			children = (
				AFDAA9E92A602E70001CAC84 /* SpaceX */,
				AFDAA9E82A602E70001CAC84 /* Products */,
			);
			sourceTree = "<group>";
		};
		AFDAA9E82A602E70001CAC84 /* Products */ = {
			isa = PBXGroup;
			children = (
				AFDAA9E72A602E70001CAC84 /* SpaceX.app */,
			);
			name = Products;
			sourceTree = "<group>";
		};
		AFDAA9E92A602E70001CAC84 /* SpaceX */ = {
			isa = PBXGroup;
			children = (
				AF13D4612A61961600D89825 /* DependencyInjection */,
				AFC59F412A63084F0091BCE8 /* LaunchDetails */,
				AF13D4522A614B9400D89825 /* LaunchsList */,
				AF13D4452A60942300D89825 /* DataBase */,
				AF13D42B2A6049BC00D89825 /* Networking */,
				AFDAA9EA2A602E70001CAC84 /* AppDelegate.swift */,
				AFDAA9EC2A602E70001CAC84 /* SceneDelegate.swift */,
				AFDAA9F32A602E72001CAC84 /* Assets.xcassets */,
				AFDAA9F52A602E72001CAC84 /* LaunchScreen.storyboard */,
				AFDAA9F82A602E72001CAC84 /* Info.plist */,
				AFA741D22A667983002806D6 /* Cashe.swift */,
			);
			path = SpaceX;
			sourceTree = "<group>";
		};
/* End PBXGroup section */

/* Begin PBXNativeTarget section */
		AFDAA9E62A602E70001CAC84 /* SpaceX */ = {
			isa = PBXNativeTarget;
			buildConfigurationList = AFDAA9FB2A602E72001CAC84 /* Build configuration list for PBXNativeTarget "SpaceX" */;
			buildPhases = (
				AFDAA9E32A602E70001CAC84 /* Sources */,
				AFDAA9E42A602E70001CAC84 /* Frameworks */,
				AFDAA9E52A602E70001CAC84 /* Resources */,
			);
			buildRules = (
			);
			dependencies = (
			);
			name = SpaceX;
			packageProductDependencies = (
				AF13D4412A60930E00D89825 /* Realm */,
				AF13D4432A60930E00D89825 /* RealmSwift */,
				AF13D45F2A6195C800D89825 /* Swinject */,
			);
			productName = SpaceX;
			productReference = AFDAA9E72A602E70001CAC84 /* SpaceX.app */;
			productType = "com.apple.product-type.application";
		};
/* End PBXNativeTarget section */

/* Begin PBXProject section */
		AFDAA9DF2A602E70001CAC84 /* Project object */ = {
			isa = PBXProject;
			attributes = {
				BuildIndependentTargetsInParallel = 1;
				LastSwiftUpdateCheck = 1420;
				LastUpgradeCheck = 1420;
				TargetAttributes = {
					AFDAA9E62A602E70001CAC84 = {
						CreatedOnToolsVersion = 14.2;
					};
				};
			};
			buildConfigurationList = AFDAA9E22A602E70001CAC84 /* Build configuration list for PBXProject "SpaceX" */;
			compatibilityVersion = "Xcode 14.0";
			developmentRegion = en;
			hasScannedForEncodings = 0;
			knownRegions = (
				en,
				Base,
			);
			mainGroup = AFDAA9DE2A602E70001CAC84;
			packageReferences = (
				AF13D4402A60930E00D89825 /* XCRemoteSwiftPackageReference "realm-swift" */,
				AF13D45E2A6195C800D89825 /* XCRemoteSwiftPackageReference "Swinject" */,
			);
			productRefGroup = AFDAA9E82A602E70001CAC84 /* Products */;
			projectDirPath = "";
			projectRoot = "";
			targets = (
				AFDAA9E62A602E70001CAC84 /* SpaceX */,
			);
		};
/* End PBXProject section */

/* Begin PBXResourcesBuildPhase section */
		AFDAA9E52A602E70001CAC84 /* Resources */ = {
			isa = PBXResourcesBuildPhase;
			buildActionMask = 2147483647;
			files = (
				AFDAA9F72A602E72001CAC84 /* LaunchScreen.storyboard in Resources */,
				AFDAA9F42A602E72001CAC84 /* Assets.xcassets in Resources */,
			);
			runOnlyForDeploymentPostprocessing = 0;
		};
/* End PBXResourcesBuildPhase section */

/* Begin PBXSourcesBuildPhase section */
		AFDAA9E32A602E70001CAC84 /* Sources */ = {
			isa = PBXSourcesBuildPhase;
			buildActionMask = 2147483647;
			files = (
				AF13D4322A6066C400D89825 /* Response.swift in Sources */,
				AFC59F472A63098F0091BCE8 /* LaunchDetailsViewModel.swift in Sources */,
				AF13D4562A614D5400D89825 /* LaunchTableViewCell.swift in Sources */,
				AF13D4302A604B8000D89825 /* NetworkService.swift in Sources */,
				AF13D4632A61963700D89825 /* DependencyInjection.swift in Sources */,
				AF13D4582A616DB800D89825 /* MissionCellViewModel.swift in Sources */,
				AFA741D52A669E44002806D6 /* DetailsModel.swift in Sources */,
				AFA741D32A667983002806D6 /* Cashe.swift in Sources */,
				AF13D4502A61256100D89825 /* Mappers.swift in Sources */,
				AFDAA9EF2A602E70001CAC84 /* LaunchsListViewController.swift in Sources */,
				AFC59F452A6308B80091BCE8 /* LaunchDetailsViewController.swift in Sources */,
				AFDAA9EB2A602E70001CAC84 /* AppDelegate.swift in Sources */,
				AFDAA9ED2A602E70001CAC84 /* SceneDelegate.swift in Sources */,
				AF13D4492A60961600D89825 /* DataBaseProvider.swift in Sources */,
				AF13D44B2A60963B00D89825 /* Mission.swift in Sources */,
				AF13D4372A6072B000D89825 /* APIConfiguration.swift in Sources */,
				AF13D4392A6072DC00D89825 /* APIEndpoint.swift in Sources */,
				AF13D43D2A60733B00D89825 /* HTTPMethod.swift in Sources */,
				AF13D43B2A60731D00D89825 /* LaunchesEndpoint.swift in Sources */,
				AF13D43F2A6073AA00D89825 /* APIError.swift in Sources */,
				AF13D45A2A616E5300D89825 /* LaunchListViewModel.swift in Sources */,
				AF13D4472A60946000D89825 /* DataBaseManager.swift in Sources */,
			);
			runOnlyForDeploymentPostprocessing = 0;
		};
/* End PBXSourcesBuildPhase section */

/* Begin PBXVariantGroup section */
		AFDAA9F52A602E72001CAC84 /* LaunchScreen.storyboard */ = {
			isa = PBXVariantGroup;
			children = (
				AFDAA9F62A602E72001CAC84 /* Base */,
			);
			name = LaunchScreen.storyboard;
			sourceTree = "<group>";
		};
/* End PBXVariantGroup section */

/* Begin XCBuildConfiguration section */
		AFDAA9F92A602E72001CAC84 /* Debug */ = {
			isa = XCBuildConfiguration;
			buildSettings = {
				ALWAYS_SEARCH_USER_PATHS = NO;
				CLANG_ANALYZER_NONNULL = YES;
				CLANG_ANALYZER_NUMBER_OBJECT_CONVERSION = YES_AGGRESSIVE;
				CLANG_CXX_LANGUAGE_STANDARD = "gnu++20";
				CLANG_ENABLE_MODULES = YES;
				CLANG_ENABLE_OBJC_ARC = YES;
				CLANG_ENABLE_OBJC_WEAK = YES;
				CLANG_WARN_BLOCK_CAPTURE_AUTORELEASING = YES;
				CLANG_WARN_BOOL_CONVERSION = YES;
				CLANG_WARN_COMMA = YES;
				CLANG_WARN_CONSTANT_CONVERSION = YES;
				CLANG_WARN_DEPRECATED_OBJC_IMPLEMENTATIONS = YES;
				CLANG_WARN_DIRECT_OBJC_ISA_USAGE = YES_ERROR;
				CLANG_WARN_DOCUMENTATION_COMMENTS = YES;
				CLANG_WARN_EMPTY_BODY = YES;
				CLANG_WARN_ENUM_CONVERSION = YES;
				CLANG_WARN_INFINITE_RECURSION = YES;
				CLANG_WARN_INT_CONVERSION = YES;
				CLANG_WARN_NON_LITERAL_NULL_CONVERSION = YES;
				CLANG_WARN_OBJC_IMPLICIT_RETAIN_SELF = YES;
				CLANG_WARN_OBJC_LITERAL_CONVERSION = YES;
				CLANG_WARN_OBJC_ROOT_CLASS = YES_ERROR;
				CLANG_WARN_QUOTED_INCLUDE_IN_FRAMEWORK_HEADER = YES;
				CLANG_WARN_RANGE_LOOP_ANALYSIS = YES;
				CLANG_WARN_STRICT_PROTOTYPES = YES;
				CLANG_WARN_SUSPICIOUS_MOVE = YES;
				CLANG_WARN_UNGUARDED_AVAILABILITY = YES_AGGRESSIVE;
				CLANG_WARN_UNREACHABLE_CODE = YES;
				CLANG_WARN__DUPLICATE_METHOD_MATCH = YES;
				COPY_PHASE_STRIP = NO;
				DEBUG_INFORMATION_FORMAT = dwarf;
				ENABLE_STRICT_OBJC_MSGSEND = YES;
				ENABLE_TESTABILITY = YES;
				GCC_C_LANGUAGE_STANDARD = gnu11;
				GCC_DYNAMIC_NO_PIC = NO;
				GCC_NO_COMMON_BLOCKS = YES;
				GCC_OPTIMIZATION_LEVEL = 0;
				GCC_PREPROCESSOR_DEFINITIONS = (
					"DEBUG=1",
					"$(inherited)",
				);
				GCC_WARN_64_TO_32_BIT_CONVERSION = YES;
				GCC_WARN_ABOUT_RETURN_TYPE = YES_ERROR;
				GCC_WARN_UNDECLARED_SELECTOR = YES;
				GCC_WARN_UNINITIALIZED_AUTOS = YES_AGGRESSIVE;
				GCC_WARN_UNUSED_FUNCTION = YES;
				GCC_WARN_UNUSED_VARIABLE = YES;
				IPHONEOS_DEPLOYMENT_TARGET = 16.2;
				MTL_ENABLE_DEBUG_INFO = INCLUDE_SOURCE;
				MTL_FAST_MATH = YES;
				ONLY_ACTIVE_ARCH = YES;
				SDKROOT = iphoneos;
				SWIFT_ACTIVE_COMPILATION_CONDITIONS = DEBUG;
				SWIFT_OPTIMIZATION_LEVEL = "-Onone";
			};
			name = Debug;
		};
		AFDAA9FA2A602E72001CAC84 /* Release */ = {
			isa = XCBuildConfiguration;
			buildSettings = {
				ALWAYS_SEARCH_USER_PATHS = NO;
				CLANG_ANALYZER_NONNULL = YES;
				CLANG_ANALYZER_NUMBER_OBJECT_CONVERSION = YES_AGGRESSIVE;
				CLANG_CXX_LANGUAGE_STANDARD = "gnu++20";
				CLANG_ENABLE_MODULES = YES;
				CLANG_ENABLE_OBJC_ARC = YES;
				CLANG_ENABLE_OBJC_WEAK = YES;
				CLANG_WARN_BLOCK_CAPTURE_AUTORELEASING = YES;
				CLANG_WARN_BOOL_CONVERSION = YES;
				CLANG_WARN_COMMA = YES;
				CLANG_WARN_CONSTANT_CONVERSION = YES;
				CLANG_WARN_DEPRECATED_OBJC_IMPLEMENTATIONS = YES;
				CLANG_WARN_DIRECT_OBJC_ISA_USAGE = YES_ERROR;
				CLANG_WARN_DOCUMENTATION_COMMENTS = YES;
				CLANG_WARN_EMPTY_BODY = YES;
				CLANG_WARN_ENUM_CONVERSION = YES;
				CLANG_WARN_INFINITE_RECURSION = YES;
				CLANG_WARN_INT_CONVERSION = YES;
				CLANG_WARN_NON_LITERAL_NULL_CONVERSION = YES;
				CLANG_WARN_OBJC_IMPLICIT_RETAIN_SELF = YES;
				CLANG_WARN_OBJC_LITERAL_CONVERSION = YES;
				CLANG_WARN_OBJC_ROOT_CLASS = YES_ERROR;
				CLANG_WARN_QUOTED_INCLUDE_IN_FRAMEWORK_HEADER = YES;
				CLANG_WARN_RANGE_LOOP_ANALYSIS = YES;
				CLANG_WARN_STRICT_PROTOTYPES = YES;
				CLANG_WARN_SUSPICIOUS_MOVE = YES;
				CLANG_WARN_UNGUARDED_AVAILABILITY = YES_AGGRESSIVE;
				CLANG_WARN_UNREACHABLE_CODE = YES;
				CLANG_WARN__DUPLICATE_METHOD_MATCH = YES;
				COPY_PHASE_STRIP = NO;
				DEBUG_INFORMATION_FORMAT = "dwarf-with-dsym";
				ENABLE_NS_ASSERTIONS = NO;
				ENABLE_STRICT_OBJC_MSGSEND = YES;
				GCC_C_LANGUAGE_STANDARD = gnu11;
				GCC_NO_COMMON_BLOCKS = YES;
				GCC_WARN_64_TO_32_BIT_CONVERSION = YES;
				GCC_WARN_ABOUT_RETURN_TYPE = YES_ERROR;
				GCC_WARN_UNDECLARED_SELECTOR = YES;
				GCC_WARN_UNINITIALIZED_AUTOS = YES_AGGRESSIVE;
				GCC_WARN_UNUSED_FUNCTION = YES;
				GCC_WARN_UNUSED_VARIABLE = YES;
				IPHONEOS_DEPLOYMENT_TARGET = 16.2;
				MTL_ENABLE_DEBUG_INFO = NO;
				MTL_FAST_MATH = YES;
				SDKROOT = iphoneos;
				SWIFT_COMPILATION_MODE = wholemodule;
				SWIFT_OPTIMIZATION_LEVEL = "-O";
				VALIDATE_PRODUCT = YES;
			};
			name = Release;
		};
		AFDAA9FC2A602E72001CAC84 /* Debug */ = {
			isa = XCBuildConfiguration;
			buildSettings = {
				ASSETCATALOG_COMPILER_APPICON_NAME = AppIcon;
				ASSETCATALOG_COMPILER_GLOBAL_ACCENT_COLOR_NAME = AccentColor;
				CODE_SIGN_STYLE = Automatic;
				CURRENT_PROJECT_VERSION = 1;
				DEVELOPMENT_TEAM = 6X5G2252G5;
				GENERATE_INFOPLIST_FILE = YES;
				INFOPLIST_FILE = SpaceX/Info.plist;
				INFOPLIST_KEY_UIApplicationSupportsIndirectInputEvents = YES;
				INFOPLIST_KEY_UILaunchStoryboardName = LaunchScreen;
				INFOPLIST_KEY_UISupportedInterfaceOrientations = "UIInterfaceOrientationLandscapeLeft UIInterfaceOrientationLandscapeRight UIInterfaceOrientationPortrait";
				INFOPLIST_KEY_UISupportedInterfaceOrientations_iPad = "UIInterfaceOrientationLandscapeLeft UIInterfaceOrientationLandscapeRight UIInterfaceOrientationPortrait UIInterfaceOrientationPortraitUpsideDown";
				LD_RUNPATH_SEARCH_PATHS = (
					"$(inherited)",
					"@executable_path/Frameworks",
				);
				MARKETING_VERSION = 1.0;
				PRODUCT_BUNDLE_IDENTIFIER = H.F.SpaceX;
				PRODUCT_NAME = "$(TARGET_NAME)";
				SWIFT_EMIT_LOC_STRINGS = YES;
				SWIFT_VERSION = 5.0;
				TARGETED_DEVICE_FAMILY = "1,2";
			};
			name = Debug;
		};
		AFDAA9FD2A602E72001CAC84 /* Release */ = {
			isa = XCBuildConfiguration;
			buildSettings = {
				ASSETCATALOG_COMPILER_APPICON_NAME = AppIcon;
				ASSETCATALOG_COMPILER_GLOBAL_ACCENT_COLOR_NAME = AccentColor;
				CODE_SIGN_STYLE = Automatic;
				CURRENT_PROJECT_VERSION = 1;
				DEVELOPMENT_TEAM = 6X5G2252G5;
				GENERATE_INFOPLIST_FILE = YES;
				INFOPLIST_FILE = SpaceX/Info.plist;
				INFOPLIST_KEY_UIApplicationSupportsIndirectInputEvents = YES;
				INFOPLIST_KEY_UILaunchStoryboardName = LaunchScreen;
				INFOPLIST_KEY_UISupportedInterfaceOrientations = "UIInterfaceOrientationLandscapeLeft UIInterfaceOrientationLandscapeRight UIInterfaceOrientationPortrait";
				INFOPLIST_KEY_UISupportedInterfaceOrientations_iPad = "UIInterfaceOrientationLandscapeLeft UIInterfaceOrientationLandscapeRight UIInterfaceOrientationPortrait UIInterfaceOrientationPortraitUpsideDown";
				LD_RUNPATH_SEARCH_PATHS = (
					"$(inherited)",
					"@executable_path/Frameworks",
				);
				MARKETING_VERSION = 1.0;
				PRODUCT_BUNDLE_IDENTIFIER = H.F.SpaceX;
				PRODUCT_NAME = "$(TARGET_NAME)";
				SWIFT_EMIT_LOC_STRINGS = YES;
				SWIFT_VERSION = 5.0;
				TARGETED_DEVICE_FAMILY = "1,2";
			};
			name = Release;
		};
/* End XCBuildConfiguration section */

/* Begin XCConfigurationList section */
		AFDAA9E22A602E70001CAC84 /* Build configuration list for PBXProject "SpaceX" */ = {
			isa = XCConfigurationList;
			buildConfigurations = (
				AFDAA9F92A602E72001CAC84 /* Debug */,
				AFDAA9FA2A602E72001CAC84 /* Release */,
			);
			defaultConfigurationIsVisible = 0;
			defaultConfigurationName = Release;
		};
		AFDAA9FB2A602E72001CAC84 /* Build configuration list for PBXNativeTarget "SpaceX" */ = {
			isa = XCConfigurationList;
			buildConfigurations = (
				AFDAA9FC2A602E72001CAC84 /* Debug */,
				AFDAA9FD2A602E72001CAC84 /* Release */,
			);
			defaultConfigurationIsVisible = 0;
			defaultConfigurationName = Release;
		};
/* End XCConfigurationList section */

/* Begin XCRemoteSwiftPackageReference section */
		AF13D4402A60930E00D89825 /* XCRemoteSwiftPackageReference "realm-swift" */ = {
			isa = XCRemoteSwiftPackageReference;
			repositoryURL = "https://github.com/realm/realm-swift.git";
			requirement = {
				branch = master;
				kind = branch;
			};
		};
		AF13D45E2A6195C800D89825 /* XCRemoteSwiftPackageReference "Swinject" */ = {
			isa = XCRemoteSwiftPackageReference;
			repositoryURL = "https://github.com/Swinject/Swinject.git";
			requirement = {
				kind = upToNextMajorVersion;
				minimumVersion = 2.0.0;
			};
		};
/* End XCRemoteSwiftPackageReference section */

/* Begin XCSwiftPackageProductDependency section */
		AF13D4412A60930E00D89825 /* Realm */ = {
			isa = XCSwiftPackageProductDependency;
			package = AF13D4402A60930E00D89825 /* XCRemoteSwiftPackageReference "realm-swift" */;
			productName = Realm;
		};
		AF13D4432A60930E00D89825 /* RealmSwift */ = {
			isa = XCSwiftPackageProductDependency;
			package = AF13D4402A60930E00D89825 /* XCRemoteSwiftPackageReference "realm-swift" */;
			productName = RealmSwift;
		};
		AF13D45F2A6195C800D89825 /* Swinject */ = {
			isa = XCSwiftPackageProductDependency;
			package = AF13D45E2A6195C800D89825 /* XCRemoteSwiftPackageReference "Swinject" */;
			productName = Swinject;
		};
/* End XCSwiftPackageProductDependency section */
	};
	rootObject = AFDAA9DF2A602E70001CAC84 /* Project object */;
}
